// !$*UTF8*$!
{
	archiveVersion = 1;
	classes = {
	};
	objectVersion = 46;
	objects = {

/* Begin PBXBuildFile section */
		6EBB36261CBEC84700784B45 /* MessageDTO.m in Sources */ = {isa = PBXBuildFile; fileRef = 6EBB361F1CBEC84700784B45 /* MessageDTO.m */; };
		6EBB36271CBEC84700784B45 /* MessageDTO.m in Sources */ = {isa = PBXBuildFile; fileRef = 6EBB361F1CBEC84700784B45 /* MessageDTO.m */; };
		6EBB36281CBEC84700784B45 /* MessageFacade.m in Sources */ = {isa = PBXBuildFile; fileRef = 6EBB36211CBEC84700784B45 /* MessageFacade.m */; };
		6EBB36291CBEC84700784B45 /* MessageFacade.m in Sources */ = {isa = PBXBuildFile; fileRef = 6EBB36211CBEC84700784B45 /* MessageFacade.m */; };
		B68544AD1CC01D65003F4BBE /* BienvenuViewController.m in Sources */ = {isa = PBXBuildFile; fileRef = B68544AC1CC01D65003F4BBE /* BienvenuViewController.m */; };
		B68544AE1CC01D65003F4BBE /* BienvenuViewController.m in Sources */ = {isa = PBXBuildFile; fileRef = B68544AC1CC01D65003F4BBE /* BienvenuViewController.m */; };
		B68544B11CC01DE8003F4BBE /* InfosViewController.m in Sources */ = {isa = PBXBuildFile; fileRef = B68544B01CC01DE8003F4BBE /* InfosViewController.m */; };
		B68544B21CC01DE8003F4BBE /* InfosViewController.m in Sources */ = {isa = PBXBuildFile; fileRef = B68544B01CC01DE8003F4BBE /* InfosViewController.m */; };
		B68544BD1CC029AC003F4BBE /* AjouterAmisViewController.m in Sources */ = {isa = PBXBuildFile; fileRef = B68544BC1CC029AC003F4BBE /* AjouterAmisViewController.m */; };
		B68544BE1CC029AC003F4BBE /* AjouterAmisViewController.m in Sources */ = {isa = PBXBuildFile; fileRef = B68544BC1CC029AC003F4BBE /* AjouterAmisViewController.m */; };
		B6917C471CBE83B200E2499C /* AjoutUtilisateurViewController.m in Sources */ = {isa = PBXBuildFile; fileRef = B6917C461CBE83B200E2499C /* AjoutUtilisateurViewController.m */; };
		B6917C4B1CBE83C000E2499C /* EnregistrementViewController.m in Sources */ = {isa = PBXBuildFile; fileRef = B6917C4A1CBE83C000E2499C /* EnregistrementViewController.m */; };
		B6917C4F1CBE842200E2499C /* ParticipantTchatViewController.m in Sources */ = {isa = PBXBuildFile; fileRef = B6917C4E1CBE842200E2499C /* ParticipantTchatViewController.m */; };
		B6917C501CBE842200E2499C /* ParticipantTchatViewController.m in Sources */ = {isa = PBXBuildFile; fileRef = B6917C4E1CBE842200E2499C /* ParticipantTchatViewController.m */; };
		B6917C531CBE84A000E2499C /* DetailTchatRoomViewController.m in Sources */ = {isa = PBXBuildFile; fileRef = B6917C521CBE84A000E2499C /* DetailTchatRoomViewController.m */; };
		B6917C541CBE84A000E2499C /* DetailTchatRoomViewController.m in Sources */ = {isa = PBXBuildFile; fileRef = B6917C521CBE84A000E2499C /* DetailTchatRoomViewController.m */; };
		B6917C571CBE84B200E2499C /* NouveauTchatRoomViewController.m in Sources */ = {isa = PBXBuildFile; fileRef = B6917C561CBE84B200E2499C /* NouveauTchatRoomViewController.m */; };
		B6917C581CBE84B200E2499C /* NouveauTchatRoomViewController.m in Sources */ = {isa = PBXBuildFile; fileRef = B6917C561CBE84B200E2499C /* NouveauTchatRoomViewController.m */; };
		B6917C5B1CBE84C200E2499C /* TchatRoomTableViewController.m in Sources */ = {isa = PBXBuildFile; fileRef = B6917C5A1CBE84C200E2499C /* TchatRoomTableViewController.m */; };
		B6917C5C1CBE84C200E2499C /* TchatRoomTableViewController.m in Sources */ = {isa = PBXBuildFile; fileRef = B6917C5A1CBE84C200E2499C /* TchatRoomTableViewController.m */; };
		B6917C5F1CBE875800E2499C /* UtilisateurViewController.m in Sources */ = {isa = PBXBuildFile; fileRef = B6917C5E1CBE875800E2499C /* UtilisateurViewController.m */; };
		B6917C601CBE875800E2499C /* UtilisateurViewController.m in Sources */ = {isa = PBXBuildFile; fileRef = B6917C5E1CBE875800E2499C /* UtilisateurViewController.m */; };
		B6D017081CC08851003BC41E /* VoirAmiViewController.m in Sources */ = {isa = PBXBuildFile; fileRef = B6D017071CC08851003BC41E /* VoirAmiViewController.m */; };
		B6D017091CC08851003BC41E /* VoirAmiViewController.m in Sources */ = {isa = PBXBuildFile; fileRef = B6D017071CC08851003BC41E /* VoirAmiViewController.m */; };
		B6D0170C1CC089E0003BC41E /* AmisViewController.m in Sources */ = {isa = PBXBuildFile; fileRef = B6D0170B1CC089E0003BC41E /* AmisViewController.m */; };
		B6D0170D1CC089E0003BC41E /* AmisViewController.m in Sources */ = {isa = PBXBuildFile; fileRef = B6D0170B1CC089E0003BC41E /* AmisViewController.m */; };
		E3213AD41CB9C8250016A3B4 /* main.m in Sources */ = {isa = PBXBuildFile; fileRef = E3213AD31CB9C8250016A3B4 /* main.m */; };
		E3213AD71CB9C8250016A3B4 /* AppDelegate.m in Sources */ = {isa = PBXBuildFile; fileRef = E3213AD61CB9C8250016A3B4 /* AppDelegate.m */; };
		E3213ADA1CB9C8250016A3B4 /* ViewController.m in Sources */ = {isa = PBXBuildFile; fileRef = E3213AD91CB9C8250016A3B4 /* ViewController.m */; };
		E3213ADD1CB9C8250016A3B4 /* Main.storyboard in Resources */ = {isa = PBXBuildFile; fileRef = E3213ADB1CB9C8250016A3B4 /* Main.storyboard */; };
		E3213ADF1CB9C8250016A3B4 /* Assets.xcassets in Resources */ = {isa = PBXBuildFile; fileRef = E3213ADE1CB9C8250016A3B4 /* Assets.xcassets */; };
		E3213AE21CB9C8250016A3B4 /* LaunchScreen.storyboard in Resources */ = {isa = PBXBuildFile; fileRef = E3213AE01CB9C8250016A3B4 /* LaunchScreen.storyboard */; };
		E3213AEB1CB9C95B0016A3B4 /* UtilisateurFacade.m in Sources */ = {isa = PBXBuildFile; fileRef = E3213AEA1CB9C95B0016A3B4 /* UtilisateurFacade.m */; };
		E3213AF81CBBA7430016A3B4 /* ViewController.m in Sources */ = {isa = PBXBuildFile; fileRef = E3213AD91CB9C8250016A3B4 /* ViewController.m */; };
		E3213AFB1CBBA7430016A3B4 /* UtilisateurFacade.m in Sources */ = {isa = PBXBuildFile; fileRef = E3213AEA1CB9C95B0016A3B4 /* UtilisateurFacade.m */; };
		E3213AFC1CBBA7430016A3B4 /* AppDelegate.m in Sources */ = {isa = PBXBuildFile; fileRef = E3213AD61CB9C8250016A3B4 /* AppDelegate.m */; };
		E3213AFD1CBBA7430016A3B4 /* main.m in Sources */ = {isa = PBXBuildFile; fileRef = E3213AD31CB9C8250016A3B4 /* main.m */; };
		E3213B001CBBA7430016A3B4 /* LaunchScreen.storyboard in Resources */ = {isa = PBXBuildFile; fileRef = E3213AE01CB9C8250016A3B4 /* LaunchScreen.storyboard */; };
		E3213B011CBBA7430016A3B4 /* Assets.xcassets in Resources */ = {isa = PBXBuildFile; fileRef = E3213ADE1CB9C8250016A3B4 /* Assets.xcassets */; };
		E3213B021CBBA7430016A3B4 /* Main.storyboard in Resources */ = {isa = PBXBuildFile; fileRef = E3213ADB1CB9C8250016A3B4 /* Main.storyboard */; };
		E39B71431CBD502900B15382 /* UtilisateurDTO.m in Sources */ = {isa = PBXBuildFile; fileRef = E39B71421CBD502900B15382 /* UtilisateurDTO.m */; };
		E39B71451CBD54B000B15382 /* UtilisateurDTO.m in Sources */ = {isa = PBXBuildFile; fileRef = E39B71421CBD502900B15382 /* UtilisateurDTO.m */; };
/* End PBXBuildFile section */

/* Begin PBXFileReference section */
		6EBB361E1CBEC84700784B45 /* MessageDTO.h */ = {isa = PBXFileReference; fileEncoding = 4; lastKnownFileType = sourcecode.c.h; path = MessageDTO.h; sourceTree = "<group>"; };
		6EBB361F1CBEC84700784B45 /* MessageDTO.m */ = {isa = PBXFileReference; fileEncoding = 4; lastKnownFileType = sourcecode.c.objc; path = MessageDTO.m; sourceTree = "<group>"; };
		6EBB36201CBEC84700784B45 /* MessageFacade.h */ = {isa = PBXFileReference; fileEncoding = 4; lastKnownFileType = sourcecode.c.h; path = MessageFacade.h; sourceTree = "<group>"; };
		6EBB36211CBEC84700784B45 /* MessageFacade.m */ = {isa = PBXFileReference; fileEncoding = 4; lastKnownFileType = sourcecode.c.objc; path = MessageFacade.m; sourceTree = "<group>"; };
		B68544AB1CC01D65003F4BBE /* BienvenuViewController.h */ = {isa = PBXFileReference; fileEncoding = 4; lastKnownFileType = sourcecode.c.h; path = BienvenuViewController.h; sourceTree = "<group>"; };
		B68544AC1CC01D65003F4BBE /* BienvenuViewController.m */ = {isa = PBXFileReference; fileEncoding = 4; lastKnownFileType = sourcecode.c.objc; path = BienvenuViewController.m; sourceTree = "<group>"; };
		B68544AF1CC01DE8003F4BBE /* InfosViewController.h */ = {isa = PBXFileReference; fileEncoding = 4; lastKnownFileType = sourcecode.c.h; path = InfosViewController.h; sourceTree = "<group>"; };
		B68544B01CC01DE8003F4BBE /* InfosViewController.m */ = {isa = PBXFileReference; fileEncoding = 4; lastKnownFileType = sourcecode.c.objc; path = InfosViewController.m; sourceTree = "<group>"; };
		B68544BB1CC029AC003F4BBE /* AjouterAmisViewController.h */ = {isa = PBXFileReference; fileEncoding = 4; lastKnownFileType = sourcecode.c.h; path = AjouterAmisViewController.h; sourceTree = "<group>"; };
		B68544BC1CC029AC003F4BBE /* AjouterAmisViewController.m */ = {isa = PBXFileReference; fileEncoding = 4; lastKnownFileType = sourcecode.c.objc; path = AjouterAmisViewController.m; sourceTree = "<group>"; };
		B6917C451CBE83B200E2499C /* AjoutUtilisateurViewController.h */ = {isa = PBXFileReference; fileEncoding = 4; lastKnownFileType = sourcecode.c.h; path = AjoutUtilisateurViewController.h; sourceTree = "<group>"; };
		B6917C461CBE83B200E2499C /* AjoutUtilisateurViewController.m */ = {isa = PBXFileReference; fileEncoding = 4; lastKnownFileType = sourcecode.c.objc; path = AjoutUtilisateurViewController.m; sourceTree = "<group>"; };
		B6917C491CBE83C000E2499C /* EnregistrementViewController.h */ = {isa = PBXFileReference; fileEncoding = 4; lastKnownFileType = sourcecode.c.h; path = EnregistrementViewController.h; sourceTree = "<group>"; };
		B6917C4A1CBE83C000E2499C /* EnregistrementViewController.m */ = {isa = PBXFileReference; fileEncoding = 4; lastKnownFileType = sourcecode.c.objc; path = EnregistrementViewController.m; sourceTree = "<group>"; };
		B6917C4D1CBE842200E2499C /* ParticipantTchatViewController.h */ = {isa = PBXFileReference; fileEncoding = 4; lastKnownFileType = sourcecode.c.h; path = ParticipantTchatViewController.h; sourceTree = "<group>"; };
		B6917C4E1CBE842200E2499C /* ParticipantTchatViewController.m */ = {isa = PBXFileReference; fileEncoding = 4; lastKnownFileType = sourcecode.c.objc; path = ParticipantTchatViewController.m; sourceTree = "<group>"; };
		B6917C511CBE84A000E2499C /* DetailTchatRoomViewController.h */ = {isa = PBXFileReference; fileEncoding = 4; lastKnownFileType = sourcecode.c.h; path = DetailTchatRoomViewController.h; sourceTree = "<group>"; };
		B6917C521CBE84A000E2499C /* DetailTchatRoomViewController.m */ = {isa = PBXFileReference; fileEncoding = 4; lastKnownFileType = sourcecode.c.objc; path = DetailTchatRoomViewController.m; sourceTree = "<group>"; };
		B6917C551CBE84B200E2499C /* NouveauTchatRoomViewController.h */ = {isa = PBXFileReference; fileEncoding = 4; lastKnownFileType = sourcecode.c.h; path = NouveauTchatRoomViewController.h; sourceTree = "<group>"; };
		B6917C561CBE84B200E2499C /* NouveauTchatRoomViewController.m */ = {isa = PBXFileReference; fileEncoding = 4; lastKnownFileType = sourcecode.c.objc; path = NouveauTchatRoomViewController.m; sourceTree = "<group>"; };
		B6917C591CBE84C200E2499C /* TchatRoomTableViewController.h */ = {isa = PBXFileReference; fileEncoding = 4; lastKnownFileType = sourcecode.c.h; path = TchatRoomTableViewController.h; sourceTree = "<group>"; };
		B6917C5A1CBE84C200E2499C /* TchatRoomTableViewController.m */ = {isa = PBXFileReference; fileEncoding = 4; lastKnownFileType = sourcecode.c.objc; path = TchatRoomTableViewController.m; sourceTree = "<group>"; };
		B6917C5D1CBE875800E2499C /* UtilisateurViewController.h */ = {isa = PBXFileReference; fileEncoding = 4; lastKnownFileType = sourcecode.c.h; path = UtilisateurViewController.h; sourceTree = "<group>"; };
		B6917C5E1CBE875800E2499C /* UtilisateurViewController.m */ = {isa = PBXFileReference; fileEncoding = 4; lastKnownFileType = sourcecode.c.objc; path = UtilisateurViewController.m; sourceTree = "<group>"; };
		B6D017061CC08851003BC41E /* VoirAmiViewController.h */ = {isa = PBXFileReference; fileEncoding = 4; lastKnownFileType = sourcecode.c.h; path = VoirAmiViewController.h; sourceTree = "<group>"; };
		B6D017071CC08851003BC41E /* VoirAmiViewController.m */ = {isa = PBXFileReference; fileEncoding = 4; lastKnownFileType = sourcecode.c.objc; path = VoirAmiViewController.m; sourceTree = "<group>"; };
		B6D0170A1CC089E0003BC41E /* AmisViewController.h */ = {isa = PBXFileReference; fileEncoding = 4; lastKnownFileType = sourcecode.c.h; path = AmisViewController.h; sourceTree = "<group>"; };
		B6D0170B1CC089E0003BC41E /* AmisViewController.m */ = {isa = PBXFileReference; fileEncoding = 4; lastKnownFileType = sourcecode.c.objc; path = AmisViewController.m; sourceTree = "<group>"; };
		E3213ACF1CB9C8250016A3B4 /* BeInTouch-V1-localhost.app */ = {isa = PBXFileReference; explicitFileType = wrapper.application; includeInIndex = 0; path = "BeInTouch-V1-localhost.app"; sourceTree = BUILT_PRODUCTS_DIR; };
		E3213AD31CB9C8250016A3B4 /* main.m */ = {isa = PBXFileReference; lastKnownFileType = sourcecode.c.objc; path = main.m; sourceTree = "<group>"; };
		E3213AD51CB9C8250016A3B4 /* AppDelegate.h */ = {isa = PBXFileReference; lastKnownFileType = sourcecode.c.h; path = AppDelegate.h; sourceTree = "<group>"; };
		E3213AD61CB9C8250016A3B4 /* AppDelegate.m */ = {isa = PBXFileReference; lastKnownFileType = sourcecode.c.objc; path = AppDelegate.m; sourceTree = "<group>"; };
		E3213AD81CB9C8250016A3B4 /* ViewController.h */ = {isa = PBXFileReference; lastKnownFileType = sourcecode.c.h; path = ViewController.h; sourceTree = "<group>"; };
		E3213AD91CB9C8250016A3B4 /* ViewController.m */ = {isa = PBXFileReference; lastKnownFileType = sourcecode.c.objc; path = ViewController.m; sourceTree = "<group>"; };
		E3213ADC1CB9C8250016A3B4 /* Base */ = {isa = PBXFileReference; lastKnownFileType = file.storyboard; name = Base; path = Base.lproj/Main.storyboard; sourceTree = "<group>"; };
		E3213ADE1CB9C8250016A3B4 /* Assets.xcassets */ = {isa = PBXFileReference; lastKnownFileType = folder.assetcatalog; path = Assets.xcassets; sourceTree = "<group>"; };
		E3213AE11CB9C8250016A3B4 /* Base */ = {isa = PBXFileReference; lastKnownFileType = file.storyboard; name = Base; path = Base.lproj/LaunchScreen.storyboard; sourceTree = "<group>"; };
		E3213AE31CB9C8250016A3B4 /* BeInTouch-V1-Info.plist */ = {isa = PBXFileReference; lastKnownFileType = text.plist.xml; path = "BeInTouch-V1-Info.plist"; sourceTree = "<group>"; };
		E3213AE91CB9C95B0016A3B4 /* UtilisateurFacade.h */ = {isa = PBXFileReference; fileEncoding = 4; lastKnownFileType = sourcecode.c.h; path = UtilisateurFacade.h; sourceTree = "<group>"; };
		E3213AEA1CB9C95B0016A3B4 /* UtilisateurFacade.m */ = {isa = PBXFileReference; fileEncoding = 4; lastKnownFileType = sourcecode.c.objc; path = UtilisateurFacade.m; sourceTree = "<group>"; };
		E3213AF21CBB34B50016A3B4 /* Constants-hosting.h */ = {isa = PBXFileReference; lastKnownFileType = sourcecode.c.h; path = "Constants-hosting.h"; sourceTree = "<group>"; };
		E3213AF41CBB4ABE0016A3B4 /* Constants-localhost.h */ = {isa = PBXFileReference; lastKnownFileType = sourcecode.c.h; path = "Constants-localhost.h"; sourceTree = "<group>"; };
		E3213B061CBBA7430016A3B4 /* BeInTouch-V1-hosting.app */ = {isa = PBXFileReference; explicitFileType = wrapper.application; includeInIndex = 0; path = "BeInTouch-V1-hosting.app"; sourceTree = BUILT_PRODUCTS_DIR; };
		E39B71401CBD502900B15382 /* BeInTouch-V1-localhost-Prefix.pch */ = {isa = PBXFileReference; fileEncoding = 4; lastKnownFileType = sourcecode.c.h; path = "BeInTouch-V1-localhost-Prefix.pch"; sourceTree = "<group>"; };
		E39B71411CBD502900B15382 /* BeInTouch-V1-hosting-Prefix.pch */ = {isa = PBXFileReference; fileEncoding = 4; lastKnownFileType = sourcecode.c.h; path = "BeInTouch-V1-hosting-Prefix.pch"; sourceTree = "<group>"; };
		E39B71421CBD502900B15382 /* UtilisateurDTO.m */ = {isa = PBXFileReference; fileEncoding = 4; lastKnownFileType = sourcecode.c.objc; path = UtilisateurDTO.m; sourceTree = "<group>"; };
		E39B71441CBD503400B15382 /* UtilisateurDTO.h */ = {isa = PBXFileReference; fileEncoding = 4; lastKnownFileType = sourcecode.c.h; path = UtilisateurDTO.h; sourceTree = "<group>"; };
/* End PBXFileReference section */

/* Begin PBXFrameworksBuildPhase section */
		E3213ACC1CB9C8250016A3B4 /* Frameworks */ = {
			isa = PBXFrameworksBuildPhase;
			buildActionMask = 2147483647;
			files = (
			);
			runOnlyForDeploymentPostprocessing = 0;
		};
		E3213AFE1CBBA7430016A3B4 /* Frameworks */ = {
			isa = PBXFrameworksBuildPhase;
			buildActionMask = 2147483647;
			files = (
			);
			runOnlyForDeploymentPostprocessing = 0;
		};
/* End PBXFrameworksBuildPhase section */

/* Begin PBXGroup section */
		E3213AC61CB9C8250016A3B4 = {
			isa = PBXGroup;
			children = (
				E3213AD11CB9C8250016A3B4 /* BeInTouch - V1 */,
				E3213AD01CB9C8250016A3B4 /* Products */,
			);
			sourceTree = "<group>";
		};
		E3213AD01CB9C8250016A3B4 /* Products */ = {
			isa = PBXGroup;
			children = (
				E3213ACF1CB9C8250016A3B4 /* BeInTouch-V1-localhost.app */,
				E3213B061CBBA7430016A3B4 /* BeInTouch-V1-hosting.app */,
			);
			name = Products;
			sourceTree = "<group>";
		};
		E3213AD11CB9C8250016A3B4 /* BeInTouch - V1 */ = {
			isa = PBXGroup;
			children = (
				E39B71481CBFA70E00B15382 /* Facade */,
				E39B71471CBFA2BB00B15382 /* ViewController */,
				E39B71461CBFA1EA00B15382 /* DTO */,
				E39B71401CBD502900B15382 /* BeInTouch-V1-localhost-Prefix.pch */,
				E39B71411CBD502900B15382 /* BeInTouch-V1-hosting-Prefix.pch */,
				E3213AD51CB9C8250016A3B4 /* AppDelegate.h */,
				E3213AD61CB9C8250016A3B4 /* AppDelegate.m */,
				E3213ADB1CB9C8250016A3B4 /* Main.storyboard */,
				E3213ADE1CB9C8250016A3B4 /* Assets.xcassets */,
				E3213AE01CB9C8250016A3B4 /* LaunchScreen.storyboard */,
				E3213AE31CB9C8250016A3B4 /* BeInTouch-V1-Info.plist */,
				E3213AD21CB9C8250016A3B4 /* Supporting Files */,
				E3213AF21CBB34B50016A3B4 /* Constants-hosting.h */,
				E3213AF41CBB4ABE0016A3B4 /* Constants-localhost.h */,
			);
			path = "BeInTouch - V1";
			sourceTree = "<group>";
		};
		E3213AD21CB9C8250016A3B4 /* Supporting Files */ = {
			isa = PBXGroup;
			children = (
				E3213AD31CB9C8250016A3B4 /* main.m */,
			);
			name = "Supporting Files";
			sourceTree = "<group>";
		};
		E39B71461CBFA1EA00B15382 /* DTO */ = {
			isa = PBXGroup;
			children = (
				6EBB361E1CBEC84700784B45 /* MessageDTO.h */,
				6EBB361F1CBEC84700784B45 /* MessageDTO.m */,
				E39B71441CBD503400B15382 /* UtilisateurDTO.h */,
				E39B71421CBD502900B15382 /* UtilisateurDTO.m */,
			);
			name = DTO;
			sourceTree = "<group>";
		};
		E39B71471CBFA2BB00B15382 /* ViewController */ = {
			isa = PBXGroup;
			children = (
				B6917C451CBE83B200E2499C /* AjoutUtilisateurViewController.h */,
				B6917C461CBE83B200E2499C /* AjoutUtilisateurViewController.m */,
				B68544AB1CC01D65003F4BBE /* BienvenuViewController.h */,
				B68544AC1CC01D65003F4BBE /* BienvenuViewController.m */,
				B6917C511CBE84A000E2499C /* DetailTchatRoomViewController.h */,
				B6917C521CBE84A000E2499C /* DetailTchatRoomViewController.m */,
				B6917C4A1CBE83C000E2499C /* EnregistrementViewController.m */,
				B6917C491CBE83C000E2499C /* EnregistrementViewController.h */,
				B6917C5D1CBE875800E2499C /* UtilisateurViewController.h */,
				B6917C5E1CBE875800E2499C /* UtilisateurViewController.m */,
				E3213AD81CB9C8250016A3B4 /* ViewController.h */,
				E3213AD91CB9C8250016A3B4 /* ViewController.m */,
				B6917C4D1CBE842200E2499C /* ParticipantTchatViewController.h */,
				B6917C4E1CBE842200E2499C /* ParticipantTchatViewController.m */,
				B6917C551CBE84B200E2499C /* NouveauTchatRoomViewController.h */,
				B6917C561CBE84B200E2499C /* NouveauTchatRoomViewController.m */,
				B6917C591CBE84C200E2499C /* TchatRoomTableViewController.h */,
				B6917C5A1CBE84C200E2499C /* TchatRoomTableViewController.m */,
				B68544AF1CC01DE8003F4BBE /* InfosViewController.h */,
				B68544B01CC01DE8003F4BBE /* InfosViewController.m */,
				B68544BB1CC029AC003F4BBE /* AjouterAmisViewController.h */,
				B68544BC1CC029AC003F4BBE /* AjouterAmisViewController.m */,
				B6D017061CC08851003BC41E /* VoirAmiViewController.h */,
				B6D017071CC08851003BC41E /* VoirAmiViewController.m */,
				B6D0170A1CC089E0003BC41E /* AmisViewController.h */,
				B6D0170B1CC089E0003BC41E /* AmisViewController.m */,
			);
			name = ViewController;
			sourceTree = "<group>";
		};
		E39B71481CBFA70E00B15382 /* Facade */ = {
			isa = PBXGroup;
			children = (
				6EBB36201CBEC84700784B45 /* MessageFacade.h */,
				6EBB36211CBEC84700784B45 /* MessageFacade.m */,
				E3213AE91CB9C95B0016A3B4 /* UtilisateurFacade.h */,
				E3213AEA1CB9C95B0016A3B4 /* UtilisateurFacade.m */,
			);
			name = Facade;
			sourceTree = "<group>";
		};
/* End PBXGroup section */

/* Begin PBXNativeTarget section */
		E3213ACE1CB9C8250016A3B4 /* BeInTouch-V1-localhost */ = {
			isa = PBXNativeTarget;
			buildConfigurationList = E3213AE61CB9C8250016A3B4 /* Build configuration list for PBXNativeTarget "BeInTouch-V1-localhost" */;
			buildPhases = (
				E3213ACB1CB9C8250016A3B4 /* Sources */,
				E3213ACC1CB9C8250016A3B4 /* Frameworks */,
				E3213ACD1CB9C8250016A3B4 /* Resources */,
			);
			buildRules = (
			);
			dependencies = (
			);
			name = "BeInTouch-V1-localhost";
			productName = "BeInTouch - V1";
			productReference = E3213ACF1CB9C8250016A3B4 /* BeInTouch-V1-localhost.app */;
			productType = "com.apple.product-type.application";
		};
		E3213AF61CBBA7430016A3B4 /* BeInTouch-V1-hosting */ = {
			isa = PBXNativeTarget;
			buildConfigurationList = E3213B031CBBA7430016A3B4 /* Build configuration list for PBXNativeTarget "BeInTouch-V1-hosting" */;
			buildPhases = (
				E3213AF71CBBA7430016A3B4 /* Sources */,
				E3213AFE1CBBA7430016A3B4 /* Frameworks */,
				E3213AFF1CBBA7430016A3B4 /* Resources */,
			);
			buildRules = (
			);
			dependencies = (
			);
			name = "BeInTouch-V1-hosting";
			productName = "BeInTouch - V1";
			productReference = E3213B061CBBA7430016A3B4 /* BeInTouch-V1-hosting.app */;
			productType = "com.apple.product-type.application";
		};
/* End PBXNativeTarget section */

/* Begin PBXProject section */
		E3213AC71CB9C8250016A3B4 /* Project object */ = {
			isa = PBXProject;
			attributes = {
				LastUpgradeCheck = 0730;
				ORGANIZATIONNAME = collegeahuntsic;
				TargetAttributes = {
					E3213ACE1CB9C8250016A3B4 = {
						CreatedOnToolsVersion = 7.3;
						DevelopmentTeam = 5V2CQ8ZSEH;
					};
					E3213AF61CBBA7430016A3B4 = {
						DevelopmentTeam = 5V2CQ8ZSEH;
					};
				};
			};
			buildConfigurationList = E3213ACA1CB9C8250016A3B4 /* Build configuration list for PBXProject "BeInTouch - V1" */;
			compatibilityVersion = "Xcode 3.2";
			developmentRegion = English;
			hasScannedForEncodings = 0;
			knownRegions = (
				en,
				Base,
			);
			mainGroup = E3213AC61CB9C8250016A3B4;
			productRefGroup = E3213AD01CB9C8250016A3B4 /* Products */;
			projectDirPath = "";
			projectRoot = "";
			targets = (
				E3213ACE1CB9C8250016A3B4 /* BeInTouch-V1-localhost */,
				E3213AF61CBBA7430016A3B4 /* BeInTouch-V1-hosting */,
			);
		};
/* End PBXProject section */

/* Begin PBXResourcesBuildPhase section */
		E3213ACD1CB9C8250016A3B4 /* Resources */ = {
			isa = PBXResourcesBuildPhase;
			buildActionMask = 2147483647;
			files = (
				E3213AE21CB9C8250016A3B4 /* LaunchScreen.storyboard in Resources */,
				E3213ADF1CB9C8250016A3B4 /* Assets.xcassets in Resources */,
				E3213ADD1CB9C8250016A3B4 /* Main.storyboard in Resources */,
			);
			runOnlyForDeploymentPostprocessing = 0;
		};
		E3213AFF1CBBA7430016A3B4 /* Resources */ = {
			isa = PBXResourcesBuildPhase;
			buildActionMask = 2147483647;
			files = (
				E3213B001CBBA7430016A3B4 /* LaunchScreen.storyboard in Resources */,
				E3213B011CBBA7430016A3B4 /* Assets.xcassets in Resources */,
				E3213B021CBBA7430016A3B4 /* Main.storyboard in Resources */,
			);
			runOnlyForDeploymentPostprocessing = 0;
		};
/* End PBXResourcesBuildPhase section */

/* Begin PBXSourcesBuildPhase section */
		E3213ACB1CB9C8250016A3B4 /* Sources */ = {
			isa = PBXSourcesBuildPhase;
			buildActionMask = 2147483647;
			files = (
				B6917C471CBE83B200E2499C /* AjoutUtilisateurViewController.m in Sources */,
				E3213ADA1CB9C8250016A3B4 /* ViewController.m in Sources */,
				B6D017081CC08851003BC41E /* VoirAmiViewController.m in Sources */,
				6EBB36261CBEC84700784B45 /* MessageDTO.m in Sources */,
				6EBB36281CBEC84700784B45 /* MessageFacade.m in Sources */,
				B68544B11CC01DE8003F4BBE /* InfosViewController.m in Sources */,
				B6917C5B1CBE84C200E2499C /* TchatRoomTableViewController.m in Sources */,
				E39B71431CBD502900B15382 /* UtilisateurDTO.m in Sources */,
				E3213AEB1CB9C95B0016A3B4 /* UtilisateurFacade.m in Sources */,
				B6917C4F1CBE842200E2499C /* ParticipantTchatViewController.m in Sources */,
				B68544BD1CC029AC003F4BBE /* AjouterAmisViewController.m in Sources */,
				E3213AD71CB9C8250016A3B4 /* AppDelegate.m in Sources */,
				B6917C571CBE84B200E2499C /* NouveauTchatRoomViewController.m in Sources */,
				B68544AD1CC01D65003F4BBE /* BienvenuViewController.m in Sources */,
				E3213AD41CB9C8250016A3B4 /* main.m in Sources */,
				B6D0170C1CC089E0003BC41E /* AmisViewController.m in Sources */,
				B6917C531CBE84A000E2499C /* DetailTchatRoomViewController.m in Sources */,
				B6917C5F1CBE875800E2499C /* UtilisateurViewController.m in Sources */,
				B6917C4B1CBE83C000E2499C /* EnregistrementViewController.m in Sources */,
			);
			runOnlyForDeploymentPostprocessing = 0;
		};
		E3213AF71CBBA7430016A3B4 /* Sources */ = {
			isa = PBXSourcesBuildPhase;
			buildActionMask = 2147483647;
			files = (
				6EBB36271CBEC84700784B45 /* MessageDTO.m in Sources */,
				B68544B21CC01DE8003F4BBE /* InfosViewController.m in Sources */,
				E3213AF81CBBA7430016A3B4 /* ViewController.m in Sources */,
				B68544BE1CC029AC003F4BBE /* AjouterAmisViewController.m in Sources */,
				E39B71451CBD54B000B15382 /* UtilisateurDTO.m in Sources */,
				E3213AFB1CBBA7430016A3B4 /* UtilisateurFacade.m in Sources */,
				B6917C581CBE84B200E2499C /* NouveauTchatRoomViewController.m in Sources */,
				B68544AE1CC01D65003F4BBE /* BienvenuViewController.m in Sources */,
				B6D017091CC08851003BC41E /* VoirAmiViewController.m in Sources */,
				E3213AFC1CBBA7430016A3B4 /* AppDelegate.m in Sources */,
				E3213AFD1CBBA7430016A3B4 /* main.m in Sources */,
				B6917C5C1CBE84C200E2499C /* TchatRoomTableViewController.m in Sources */,
				B6917C501CBE842200E2499C /* ParticipantTchatViewController.m in Sources */,
				B6917C541CBE84A000E2499C /* DetailTchatRoomViewController.m in Sources */,
				B6917C601CBE875800E2499C /* UtilisateurViewController.m in Sources */,
				6EBB36291CBEC84700784B45 /* MessageFacade.m in Sources */,
				B6D0170D1CC089E0003BC41E /* AmisViewController.m in Sources */,
			);
			runOnlyForDeploymentPostprocessing = 0;
		};
/* End PBXSourcesBuildPhase section */

/* Begin PBXVariantGroup section */
		E3213ADB1CB9C8250016A3B4 /* Main.storyboard */ = {
			isa = PBXVariantGroup;
			children = (
				E3213ADC1CB9C8250016A3B4 /* Base */,
			);
			name = Main.storyboard;
			sourceTree = "<group>";
		};
		E3213AE01CB9C8250016A3B4 /* LaunchScreen.storyboard */ = {
			isa = PBXVariantGroup;
			children = (
				E3213AE11CB9C8250016A3B4 /* Base */,
			);
			name = LaunchScreen.storyboard;
			sourceTree = "<group>";
		};
/* End PBXVariantGroup section */

/* Begin XCBuildConfiguration section */
		E3213AE41CB9C8250016A3B4 /* Debug */ = {
			isa = XCBuildConfiguration;
			buildSettings = {
				ALWAYS_SEARCH_USER_PATHS = NO;
				CLANG_ANALYZER_NONNULL = YES;
				CLANG_CXX_LANGUAGE_STANDARD = "gnu++0x";
				CLANG_CXX_LIBRARY = "libc++";
				CLANG_ENABLE_MODULES = YES;
				CLANG_ENABLE_OBJC_ARC = YES;
				CLANG_WARN_BOOL_CONVERSION = YES;
				CLANG_WARN_CONSTANT_CONVERSION = YES;
				CLANG_WARN_DIRECT_OBJC_ISA_USAGE = YES_ERROR;
				CLANG_WARN_EMPTY_BODY = YES;
				CLANG_WARN_ENUM_CONVERSION = YES;
				CLANG_WARN_INT_CONVERSION = YES;
				CLANG_WARN_OBJC_ROOT_CLASS = YES_ERROR;
				CLANG_WARN_UNREACHABLE_CODE = YES;
				CLANG_WARN__DUPLICATE_METHOD_MATCH = YES;
				"CODE_SIGN_IDENTITY[sdk=iphoneos*]" = "iPhone Developer";
				COPY_PHASE_STRIP = NO;
				DEBUG_INFORMATION_FORMAT = dwarf;
				ENABLE_STRICT_OBJC_MSGSEND = YES;
				ENABLE_TESTABILITY = YES;
				GCC_C_LANGUAGE_STANDARD = gnu99;
				GCC_DYNAMIC_NO_PIC = NO;
				GCC_NO_COMMON_BLOCKS = YES;
				GCC_OPTIMIZATION_LEVEL = 0;
				GCC_PREFIX_HEADER = "BeInTouch-V1-localhost-Prefix.pch";
				GCC_PREPROCESSOR_DEFINITIONS = (
					"DEBUG=1",
					"$(inherited)",
				);
				GCC_WARN_64_TO_32_BIT_CONVERSION = YES;
				GCC_WARN_ABOUT_RETURN_TYPE = YES_ERROR;
				GCC_WARN_UNDECLARED_SELECTOR = YES;
				GCC_WARN_UNINITIALIZED_AUTOS = YES_AGGRESSIVE;
				GCC_WARN_UNUSED_FUNCTION = YES;
				GCC_WARN_UNUSED_VARIABLE = YES;
				INFOPLIST_FILE = "BeInTouch-V1-Info.plist";
				IPHONEOS_DEPLOYMENT_TARGET = 6.1;
				MTL_ENABLE_DEBUG_INFO = YES;
				ONLY_ACTIVE_ARCH = YES;
				PRODUCT_NAME = "BeInTouch - V1";
				SDKROOT = iphoneos;
			};
			name = Debug;
		};
		E3213AE51CB9C8250016A3B4 /* Release */ = {
			isa = XCBuildConfiguration;
			buildSettings = {
				ALWAYS_SEARCH_USER_PATHS = NO;
				CLANG_ANALYZER_NONNULL = YES;
				CLANG_CXX_LANGUAGE_STANDARD = "gnu++0x";
				CLANG_CXX_LIBRARY = "libc++";
				CLANG_ENABLE_MODULES = YES;
				CLANG_ENABLE_OBJC_ARC = YES;
				CLANG_WARN_BOOL_CONVERSION = YES;
				CLANG_WARN_CONSTANT_CONVERSION = YES;
				CLANG_WARN_DIRECT_OBJC_ISA_USAGE = YES_ERROR;
				CLANG_WARN_EMPTY_BODY = YES;
				CLANG_WARN_ENUM_CONVERSION = YES;
				CLANG_WARN_INT_CONVERSION = YES;
				CLANG_WARN_OBJC_ROOT_CLASS = YES_ERROR;
				CLANG_WARN_UNREACHABLE_CODE = YES;
				CLANG_WARN__DUPLICATE_METHOD_MATCH = YES;
				"CODE_SIGN_IDENTITY[sdk=iphoneos*]" = "iPhone Developer";
				COPY_PHASE_STRIP = NO;
				DEBUG_INFORMATION_FORMAT = "dwarf-with-dsym";
				ENABLE_NS_ASSERTIONS = NO;
				ENABLE_STRICT_OBJC_MSGSEND = YES;
				GCC_C_LANGUAGE_STANDARD = gnu99;
				GCC_NO_COMMON_BLOCKS = YES;
				GCC_PREFIX_HEADER = "BeInTouch-V1-localhost-Prefix.pch";
				GCC_PREPROCESSOR_DEFINITIONS = "RELEASE=1";
				GCC_WARN_64_TO_32_BIT_CONVERSION = YES;
				GCC_WARN_ABOUT_RETURN_TYPE = YES_ERROR;
				GCC_WARN_UNDECLARED_SELECTOR = YES;
				GCC_WARN_UNINITIALIZED_AUTOS = YES_AGGRESSIVE;
				GCC_WARN_UNUSED_FUNCTION = YES;
				GCC_WARN_UNUSED_VARIABLE = YES;
				INFOPLIST_FILE = "BeInTouch-V1-Info.plist";
				IPHONEOS_DEPLOYMENT_TARGET = 6.1;
				MTL_ENABLE_DEBUG_INFO = NO;
				PRODUCT_NAME = "BeInTouch - V1";
				SDKROOT = iphoneos;
				VALIDATE_PRODUCT = YES;
			};
			name = Release;
		};
		E3213AE71CB9C8250016A3B4 /* Debug */ = {
			isa = XCBuildConfiguration;
			buildSettings = {
				ASSETCATALOG_COMPILER_APPICON_NAME = AppIcon;
				CODE_SIGN_IDENTITY = "iPhone Developer: Aliou Gueye (34W2VVPNYN)";
				"CODE_SIGN_IDENTITY[sdk=iphoneos*]" = "iPhone Developer: Aliou Gueye (34W2VVPNYN)";
				GCC_PREFIX_HEADER = "BeInTouch - V1/BeInTouch-V1-localhost-Prefix.pch";
				INFOPLIST_FILE = "BeInTouch - V1/BeInTouch-V1-Info.plist";
				IPHONEOS_DEPLOYMENT_TARGET = 6.1;
				LD_RUNPATH_SEARCH_PATHS = "$(inherited) @executable_path/Frameworks";
				PRODUCT_BUNDLE_IDENTIFIER = "ca.qc.collegeahuntsic.BeInTouch---V1";
				PRODUCT_NAME = "$(TARGET_NAME)";
				PROVISIONING_PROFILE = "";
			};
			name = Debug;
		};
		E3213AE81CB9C8250016A3B4 /* Release */ = {
			isa = XCBuildConfiguration;
			buildSettings = {
				ASSETCATALOG_COMPILER_APPICON_NAME = AppIcon;
				CODE_SIGN_IDENTITY = "iPhone Developer: Aliou Gueye (34W2VVPNYN)";
				"CODE_SIGN_IDENTITY[sdk=iphoneos*]" = "iPhone Developer: Aliou Gueye (34W2VVPNYN)";
				GCC_PREFIX_HEADER = "BeInTouch - V1/BeInTouch-V1-localhost-Prefix.pch";
				INFOPLIST_FILE = "BeInTouch - V1/BeInTouch-V1-Info.plist";
				IPHONEOS_DEPLOYMENT_TARGET = 6.1;
				LD_RUNPATH_SEARCH_PATHS = "$(inherited) @executable_path/Frameworks";
				PRODUCT_BUNDLE_IDENTIFIER = "ca.qc.collegeahuntsic.BeInTouch---V1";
				PRODUCT_NAME = "$(TARGET_NAME)";
				PROVISIONING_PROFILE = "";
			};
			name = Release;
		};
		E3213B041CBBA7430016A3B4 /* Debug */ = {
			isa = XCBuildConfiguration;
			buildSettings = {
				ASSETCATALOG_COMPILER_APPICON_NAME = AppIcon;
				CODE_SIGN_IDENTITY = "iPhone Developer: Aliou Gueye (34W2VVPNYN)";
				"CODE_SIGN_IDENTITY[sdk=iphoneos*]" = "iPhone Developer: Aliou Gueye (34W2VVPNYN)";
				GCC_PRECOMPILE_PREFIX_HEADER = YES;
				GCC_PREFIX_HEADER = "BeInTouch - V1/BeInTouch-V1-hosting-Prefix.pch";
				INFOPLIST_FILE = "BeInTouch - V1/BeInTouch-V1-Info.plist";
				IPHONEOS_DEPLOYMENT_TARGET = 6.1;
				LD_RUNPATH_SEARCH_PATHS = "$(inherited) @executable_path/Frameworks";
				PRODUCT_BUNDLE_IDENTIFIER = "ca.qc.collegeahuntsic.BeInTouch---V1";
				PRODUCT_NAME = "$(TARGET_NAME)";
				PROVISIONING_PROFILE = "";
			};
			name = Debug;
		};
		E3213B051CBBA7430016A3B4 /* Release */ = {
			isa = XCBuildConfiguration;
			buildSettings = {
				ASSETCATALOG_COMPILER_APPICON_NAME = AppIcon;
				CODE_SIGN_IDENTITY = "iPhone Developer: Aliou Gueye (34W2VVPNYN)";
				"CODE_SIGN_IDENTITY[sdk=iphoneos*]" = "iPhone Developer: Aliou Gueye (34W2VVPNYN)";
				GCC_PRECOMPILE_PREFIX_HEADER = YES;
				GCC_PREFIX_HEADER = "BeInTouch - V1/BeInTouch-V1-hosting-Prefix.pch";
				INFOPLIST_FILE = "BeInTouch - V1/BeInTouch-V1-Info.plist";
				IPHONEOS_DEPLOYMENT_TARGET = 6.1;
				LD_RUNPATH_SEARCH_PATHS = "$(inherited) @executable_path/Frameworks";
				PRODUCT_BUNDLE_IDENTIFIER = "ca.qc.collegeahuntsic.BeInTouch---V1";
				PRODUCT_NAME = "$(TARGET_NAME)";
				PROVISIONING_PROFILE = "";
			};
			name = Release;
		};
/* End XCBuildConfiguration section */

/* Begin XCConfigurationList section */
		E3213ACA1CB9C8250016A3B4 /* Build configuration list for PBXProject "BeInTouch - V1" */ = {
			isa = XCConfigurationList;
			buildConfigurations = (
				E3213AE41CB9C8250016A3B4 /* Debug */,
				E3213AE51CB9C8250016A3B4 /* Release */,
			);
			defaultConfigurationIsVisible = 0;
			defaultConfigurationName = Release;
		};
		E3213AE61CB9C8250016A3B4 /* Build configuration list for PBXNativeTarget "BeInTouch-V1-localhost" */ = {
			isa = XCConfigurationList;
			buildConfigurations = (
				E3213AE71CB9C8250016A3B4 /* Debug */,
				E3213AE81CB9C8250016A3B4 /* Release */,
			);
			defaultConfigurationIsVisible = 0;
			defaultConfigurationName = Release;
		};
		E3213B031CBBA7430016A3B4 /* Build configuration list for PBXNativeTarget "BeInTouch-V1-hosting" */ = {
			isa = XCConfigurationList;
			buildConfigurations = (
				E3213B041CBBA7430016A3B4 /* Debug */,
				E3213B051CBBA7430016A3B4 /* Release */,
			);
			defaultConfigurationIsVisible = 0;
			defaultConfigurationName = Release;
		};
/* End XCConfigurationList section */
	};
	rootObject = E3213AC71CB9C8250016A3B4 /* Project object */;
}
